
Microsoft Visual Studio Solution File, Format Version 12.00
# Visual Studio Version 16
VisualStudioVersion = 16.0.31112.23
MinimumVisualStudioVersion = 10.0.40219.1
Project("{FAE04EC0-301F-11D3-BF4B-00C04F79EFBC}") = "AsynchFactorialDelegate", "AsynchFactorialDelegate\AsynchFactorialDelegate.csproj", "{BBC9541D-475C-460E-936E-115993A286BA}"
EndProject
Project("{9A19103F-16F7-4668-BE54-9A1E7A4F7556}") = "Common", "..\AsynchFactorial\Common\Common.csproj", "{0BAE5820-1237-4008-85B2-39C73EACCF91}"
EndProject
Global
	GlobalSection(SolutionConfigurationPlatforms) = preSolution
		Debug|Any CPU = Debug|Any CPU
		Release|Any CPU = Release|Any CPU
	EndGlobalSection
	GlobalSection(ProjectConfigurationPlatforms) = postSolution
		{BBC9541D-475C-460E-936E-115993A286BA}.Debug|Any CPU.ActiveCfg = Debug|Any CPU
		{BBC9541D-475C-460E-936E-115993A286BA}.Debug|Any CPU.Build.0 = Debug|Any CPU
		{BBC9541D-475C-460E-936E-115993A286BA}.Release|Any CPU.ActiveCfg = Release|Any CPU
		{BBC9541D-475C-460E-936E-115993A286BA}.Release|Any CPU.Build.0 = Release|Any CPU
		{0BAE5820-1237-4008-85B2-39C73EACCF91}.Debug|Any CPU.ActiveCfg = Debug|Any CPU
		{0BAE5820-1237-4008-85B2-39C73EACCF91}.Debug|Any CPU.Build.0 = Debug|Any CPU
		{0BAE5820-1237-4008-85B2-39C73EACCF91}.Release|Any CPU.ActiveCfg = Release|Any CPU
		{0BAE5820-1237-4008-85B2-39C73EACCF91}.Release|Any CPU.Build.0 = Release|Any CPU
	EndGlobalSection
	GlobalSection(SolutionProperties) = preSolution
		HideSolutionNode = FALSE
	EndGlobalSection
	GlobalSection(ExtensibilityGlobals) = postSolution
		SolutionGuid = {59910A92-4332-4851-A65E-64E72F92FE45}
	EndGlobalSection
EndGlobal
